
Microsoft Visual Studio Solution File, Format Version 12.00
# Visual Studio 15
VisualStudioVersion = 15.0.28010.2046
MinimumVisualStudioVersion = 10.0.40219.1
Project("{9A19103F-16F7-4668-BE54-9A1E7A4F7556}") = "Ramsey.NET", "Ramsey.NET\Ramsey.NET.csproj", "{A47B32EF-0A60-45AC-9544-07099468ECC1}"
EndProject
Project("{9A19103F-16F7-4668-BE54-9A1E7A4F7556}") = "Ramsey.NET.Tests", "Ramsey.NET.Tests\Ramsey.NET.Tests.csproj", "{39ACE021-07B6-4BB1-8A8D-0D857D5F43A8}"
EndProject
Project("{9A19103F-16F7-4668-BE54-9A1E7A4F7556}") = "Ramsey.Shared", "Ramsey.Shared\Ramsey.Shared.csproj", "{FE93F2DA-614B-4E06-8FCD-E042C57040C9}"
EndProject
Project("{9A19103F-16F7-4668-BE54-9A1E7A4F7556}") = "Ramsey.NET.Crawlers", "Ramsey.NET.Crawlers\Ramsey.NET.Crawlers.csproj", "{6CC601DC-89A9-406A-8CB2-91EB46F31AE7}"
EndProject
Project("{FAE04EC0-301F-11D3-BF4B-00C04F79EFBC}") = "Ramsey.NET.Ingredients", "Ramsey.NET.Ingredients\Ramsey.NET.Ingredients.csproj", "{DFCC0822-379C-41CF-A90C-D7286E86DB90}"
EndProject
Global
	GlobalSection(SolutionConfigurationPlatforms) = preSolution
		Debug|Any CPU = Debug|Any CPU
		Release|Any CPU = Release|Any CPU
	EndGlobalSection
	GlobalSection(ProjectConfigurationPlatforms) = postSolution
		{A47B32EF-0A60-45AC-9544-07099468ECC1}.Debug|Any CPU.ActiveCfg = Debug|Any CPU
		{A47B32EF-0A60-45AC-9544-07099468ECC1}.Debug|Any CPU.Build.0 = Debug|Any CPU
		{A47B32EF-0A60-45AC-9544-07099468ECC1}.Release|Any CPU.ActiveCfg = Release|Any CPU
		{A47B32EF-0A60-45AC-9544-07099468ECC1}.Release|Any CPU.Build.0 = Release|Any CPU
		{39ACE021-07B6-4BB1-8A8D-0D857D5F43A8}.Debug|Any CPU.ActiveCfg = Debug|Any CPU
		{39ACE021-07B6-4BB1-8A8D-0D857D5F43A8}.Debug|Any CPU.Build.0 = Debug|Any CPU
		{39ACE021-07B6-4BB1-8A8D-0D857D5F43A8}.Release|Any CPU.ActiveCfg = Release|Any CPU
		{39ACE021-07B6-4BB1-8A8D-0D857D5F43A8}.Release|Any CPU.Build.0 = Release|Any CPU
		{FE93F2DA-614B-4E06-8FCD-E042C57040C9}.Debug|Any CPU.ActiveCfg = Debug|Any CPU
		{FE93F2DA-614B-4E06-8FCD-E042C57040C9}.Debug|Any CPU.Build.0 = Debug|Any CPU
		{FE93F2DA-614B-4E06-8FCD-E042C57040C9}.Release|Any CPU.ActiveCfg = Release|Any CPU
		{FE93F2DA-614B-4E06-8FCD-E042C57040C9}.Release|Any CPU.Build.0 = Release|Any CPU
		{6CC601DC-89A9-406A-8CB2-91EB46F31AE7}.Debug|Any CPU.ActiveCfg = Debug|Any CPU
		{6CC601DC-89A9-406A-8CB2-91EB46F31AE7}.Debug|Any CPU.Build.0 = Debug|Any CPU
		{6CC601DC-89A9-406A-8CB2-91EB46F31AE7}.Release|Any CPU.ActiveCfg = Release|Any CPU
		{6CC601DC-89A9-406A-8CB2-91EB46F31AE7}.Release|Any CPU.Build.0 = Release|Any CPU
		{DFCC0822-379C-41CF-A90C-D7286E86DB90}.Debug|Any CPU.ActiveCfg = Debug|Any CPU
		{DFCC0822-379C-41CF-A90C-D7286E86DB90}.Debug|Any CPU.Build.0 = Debug|Any CPU
		{DFCC0822-379C-41CF-A90C-D7286E86DB90}.Release|Any CPU.ActiveCfg = Release|Any CPU
		{DFCC0822-379C-41CF-A90C-D7286E86DB90}.Release|Any CPU.Build.0 = Release|Any CPU
	EndGlobalSection
	GlobalSection(SolutionProperties) = preSolution
		HideSolutionNode = FALSE
	EndGlobalSection
	GlobalSection(ExtensibilityGlobals) = postSolution
		SolutionGuid = {1DB1D96A-854F-48EC-A3BB-71D320CE55DF}
	EndGlobalSection
EndGlobal
